
Microsoft Visual Studio Solution File, Format Version 12.00
# Visual Studio Version 16
VisualStudioVersion = 16.0.31702.278
MinimumVisualStudioVersion = 10.0.40219.1
Project("{FAE04EC0-301F-11D3-BF4B-00C04F79EFBC}") = "Desafio de codigo DIO - Calculo simples", "Desafio de codigo DIO - Calculo simples\Desafio de codigo DIO - Calculo simples.csproj", "{BE697AE2-C59E-4B2C-AE12-7939AB766380}"
EndProject
Global
	GlobalSection(SolutionConfigurationPlatforms) = preSolution
		Debug|Any CPU = Debug|Any CPU
		Release|Any CPU = Release|Any CPU
	EndGlobalSection
	GlobalSection(ProjectConfigurationPlatforms) = postSolution
		{BE697AE2-C59E-4B2C-AE12-7939AB766380}.Debug|Any CPU.ActiveCfg = Debug|Any CPU
		{BE697AE2-C59E-4B2C-AE12-7939AB766380}.Debug|Any CPU.Build.0 = Debug|Any CPU
		{BE697AE2-C59E-4B2C-AE12-7939AB766380}.Release|Any CPU.ActiveCfg = Release|Any CPU
		{BE697AE2-C59E-4B2C-AE12-7939AB766380}.Release|Any CPU.Build.0 = Release|Any CPU
	EndGlobalSection
	GlobalSection(SolutionProperties) = preSolution
		HideSolutionNode = FALSE
	EndGlobalSection
	GlobalSection(ExtensibilityGlobals) = postSolution
		SolutionGuid = {63CFEFA8-6A98-49C6-91B9-E1A1553B4941}
	EndGlobalSection
EndGlobal
